{
  "name": "llm",
  "version": "1.0.0",
  "lockfileVersion": 3,
  "requires": true,
  "packages": {
    "": {
      "name": "llm",
      "version": "1.0.0",
      "license": "ISC",
      "dependencies": {
        "@instructor-ai/instructor": "^1.7.0",
        "groq-sdk": "^1.1.2",
        "zod": "^4.4.2"
      }
    },
    "node_modules/@instructor-ai/instructor": {
      "version": "1.7.0",
      "resolved": "https://registry.npmjs.org/@instructor-ai/instructor/-/instructor-1.7.0.tgz",
      "integrity": "sha512-7ifu2ZzFBMSOtkY2X5dd2RCxQvfO6Bx+Ag/9V+FkamLGGGciazlTKsEyQR6KSn7BXADLWLIDV296S+O+CifE/A==",
      "license": "MIT",
      "dependencies": {
        "zod-stream": "3.0.0",
        "zod-validation-error": "^3.4.0"
      },
      "peerDependencies": {
        "openai": ">=4.58.0",
        "zod": ">=3.23.8"
      }
    },
    "node_modules/@instructor-ai/instructor/node_modules/zod-stream": {
      "version": "3.0.0",
      "resolved": "https://registry.npmjs.org/zod-stream/-/zod-stream-3.0.0.tgz",
      "integrity": "sha512-BfW8KI+FCEMQOAIf8Qgc2q67iZ+LZ/zzk7alU45FWiZIrBSt0JMxNVGuc3o1yTpGFVk3zXiHt3TZvmUiad/9nw==",
      "license": "MIT",
      "dependencies": {
        "schema-stream": "^3.2.2",
        "zod-to-json-schema": "^3.23.1"
      },
      "peerDependencies": {
        "openai": "4.47.1",
        "zod": "^3.23.3"
      }
    },
    "node_modules/@instructor-ai/instructor/node_modules/zod-stream/node_modules/schema-stream": {
      "version": "3.2.2",
      "resolved": "https://registry.npmjs.org/schema-stream/-/schema-stream-3.2.2.tgz",
      "integrity": "sha512-7hwI/4lbo8sOs7sRbKW9Bh+5qPHOj12tVpskHq1tYakVlWEpdLgeEKXXgzGLaAP1Bw+DcoB4DmdA7/nSxGI5OA==",
      "license": "MIT",
      "dependencies": {
        "ramda": "^0.29.0"
      },
      "peerDependencies": {
        "zod": "^3.23.3"
      }
    },
    "node_modules/@instructor-ai/instructor/node_modules/zod-validation-error": {
      "version": "3.5.4",
      "resolved": "https://registry.npmjs.org/zod-validation-error/-/zod-validation-error-3.5.4.tgz",
      "integrity": "sha512-+hEiRIiPobgyuFlEojnqjJnhFvg4r/i3cqgcm67eehZf/WBaK3g6cD02YU9mtdVxZjv8CzCA9n/Rhrs3yAAvAw==",
      "license": "MIT",
      "engines": {
        "node": ">=18.0.0"
      },
      "peerDependencies": {
        "zod": "^3.24.4"
      }
    },
    "node_modules/groq-sdk": {
      "version": "1.1.2",
      "resolved": "https://registry.npmjs.org/groq-sdk/-/groq-sdk-1.1.2.tgz",
      "integrity": "sha512-CZO0XUQQDhn43ri1+lZHxZKpb+bGutgTvFmCJtooexiitGmPqhm1hntOT3nCoaq07e+OpeokVnfUs0i/oQuUaQ==",
      "license": "Apache-2.0",
      "bin": {
        "groq-sdk": "bin/cli"
      }
    },
    "node_modules/openai": {
      "version": "6.35.0",
      "resolved": "https://registry.npmjs.org/openai/-/openai-6.35.0.tgz",
      "integrity": "sha512-L/skwIGnt5xQZHb0UfTu9uAUKbis3ehKypOuJKi20QvG7UStV6C8IC3myGYHcdiF4kms/bAvOJ9UqqNWqi8x/Q==",
      "license": "Apache-2.0",
      "peer": true,
      "bin": {
        "openai": "bin/cli"
      },
      "peerDependencies": {
        "ws": "^8.18.0",
        "zod": "^3.25 || ^4.0"
      },
      "peerDependenciesMeta": {
        "ws": {
          "optional": true
        },
        "zod": {
          "optional": true
        }
      }
    },
    "node_modules/ramda": {
      "version": "0.29.1",
      "resolved": "https://registry.npmjs.org/ramda/-/ramda-0.29.1.tgz",
      "integrity": "sha512-OfxIeWzd4xdUNxlWhgFazxsA/nl3mS4/jGZI5n00uWOoSSFRhC1b6gl6xvmzUamgmqELraWp0J/qqVlXYPDPyA==",
      "license": "MIT",
      "funding": {
        "type": "opencollective",
        "url": "https://opencollective.com/ramda"
      }
    },
    "node_modules/zod": {
      "version": "4.4.2",
      "resolved": "https://registry.npmjs.org/zod/-/zod-4.4.2.tgz",
      "integrity": "sha512-IynmDyxsEsb9RKzO3J9+4SxXnl2FTFSzNBaKKaMV6tsSk0rw9gYw9gs+JFCq/qk2LCZ78KDwyj+Z289TijSkUw==",
      "license": "MIT",
      "funding": {
        "url": "https://github.com/sponsors/colinhacks"
      }
    },
    "node_modules/zod-to-json-schema": {
      "version": "3.25.2",
      "resolved": "https://registry.npmjs.org/zod-to-json-schema/-/zod-to-json-schema-3.25.2.tgz",
      "integrity": "sha512-O/PgfnpT1xKSDeQYSCfRI5Gy3hPf91mKVDuYLUHZJMiDFptvP41MSnWofm8dnCm0256ZNfZIM7DSzuSMAFnjHA==",
      "license": "ISC",
      "peerDependencies": {
        "zod": "^3.25.28 || ^4"
      }
    }
  }
}
